
Microsoft Visual Studio Solution File, Format Version 12.00
# Visual Studio Version 17
VisualStudioVersion = 17.4.33205.214
MinimumVisualStudioVersion = 10.0.40219.1
Project("{FAE04EC0-301F-11D3-BF4B-00C04F79EFBC}") = "lab6", "lab6.csproj", "{DE0440E9-18A5-41F6-BA06-44BAAEF6C25B}"
EndProject
Global
	GlobalSection(SolutionConfigurationPlatforms) = preSolution
		Debug|Any CPU = Debug|Any CPU
		Release|Any CPU = Release|Any CPU
	EndGlobalSection
	GlobalSection(ProjectConfigurationPlatforms) = postSolution
		{DE0440E9-18A5-41F6-BA06-44BAAEF6C25B}.Debug|Any CPU.ActiveCfg = Debug|Any CPU
		{DE0440E9-18A5-41F6-BA06-44BAAEF6C25B}.Debug|Any CPU.Build.0 = Debug|Any CPU
		{DE0440E9-18A5-41F6-BA06-44BAAEF6C25B}.Release|Any CPU.ActiveCfg = Release|Any CPU
		{DE0440E9-18A5-41F6-BA06-44BAAEF6C25B}.Release|Any CPU.Build.0 = Release|Any CPU
	EndGlobalSection
	GlobalSection(SolutionProperties) = preSolution
		HideSolutionNode = FALSE
	EndGlobalSection
	GlobalSection(ExtensibilityGlobals) = postSolution
		SolutionGuid = {ED06371A-4B37-4169-8371-ED74BD366126}
	EndGlobalSection
EndGlobal
